// !$*UTF8*$!
{
	archiveVersion = 1;
	classes = {
	};
	objectVersion = 56;
	objects = {

/* Begin PBXBuildFile section */
		1234567890ABCDEF1 /* SpendingTrackerApp.swift in Sources */ = {isa = PBXBuildFile; fileRef = 1234567890ABCDEF2 /* SpendingTrackerApp.swift */; };
		1234567890ABCDEF3 /* ContentView.swift in Sources */ = {isa = PBXBuildFile; fileRef = 1234567890ABCDEF4 /* ContentView.swift */; };
		1234567890ABCDEF5 /* Assets.xcassets in Resources */ = {isa = PBXBuildFile; fileRef = 1234567890ABCDEF6 /* Assets.xcassets */; };
		1234567890ABCDEF7 /* Preview Assets.xcassets in Resources */ = {isa = PBXBuildFile; fileRef = 1234567890ABCDEF8 /* Preview Assets.xcassets */; };
		1234567890ABCDEF9 /* DataModel.xcdatamodeld in Sources */ = {isa = PBXBuildFile; fileRef = 1234567890ABCDEFA /* DataModel.xcdatamodeld */; };
		1234567890ABCDEFB /* ExpenseViewModel.swift in Sources */ = {isa = PBXBuildFile; fileRef = 1234567890ABCDEFC /* ExpenseViewModel.swift */; };
		1234567890ABCDEFD /* AddExpenseView.swift in Sources */ = {isa = PBXBuildFile; fileRef = 1234567890ABCDEFE /* AddExpenseView.swift */; };
		1234567890ABCDEFF /* AnalyticsView.swift in Sources */ = {isa = PBXBuildFile; fileRef = 1234567890ABCDEF0 /* AnalyticsView.swift */; };
		1234567890ABCDE01 /* BankAPIService.swift in Sources */ = {isa = PBXBuildFile; fileRef = 1234567890ABCDE02 /* BankAPIService.swift */; };
		1234567890ABCDE03 /* VoiceInputService.swift in Sources */ = {isa = PBXBuildFile; fileRef = 1234567890ABCDE04 /* VoiceInputService.swift */; };
		1234567890ABCDE05 /* RecurringExpenseDetector.swift in Sources */ = {isa = PBXBuildFile; fileRef = 1234567890ABCDE06 /* RecurringExpenseDetector.swift */; };
/* End PBXBuildFile section */

/* Begin PBXFileReference section */
		1234567890ABCDEF1 /* SpendingTracker.app */ = {isa = PBXFileReference; explicitFileType = wrapper.application; includeInIndex = 0; path = SpendingTracker.app; sourceTree = BUILT_PRODUCTS_DIR; };
		1234567890ABCDEF2 /* SpendingTrackerApp.swift */ = {isa = PBXFileReference; lastKnownFileType = sourcecode.swift; path = SpendingTrackerApp.swift; sourceTree = "<group>"; };
		1234567890ABCDEF4 /* ContentView.swift */ = {isa = PBXFileReference; lastKnownFileType = sourcecode.swift; path = ContentView.swift; sourceTree = "<group>"; };
		1234567890ABCDEF6 /* Assets.xcassets */ = {isa = PBXFileReference; lastKnownFileType = folder.assetcatalog; path = Assets.xcassets; sourceTree = "<group>"; };
		1234567890ABCDEF8 /* Preview Assets.xcassets */ = {isa = PBXFileReference; lastKnownFileType = folder.assetcatalog; path = "Preview Assets.xcassets"; sourceTree = "<group>"; };
		1234567890ABCDEFA /* DataModel.xcdatamodel */ = {isa = PBXFileReference; lastKnownFileType = wrapper.xcdatamodel; path = DataModel.xcdatamodel; sourceTree = "<group>"; };
		1234567890ABCDEFC /* ExpenseViewModel.swift */ = {isa = PBXFileReference; lastKnownFileType = sourcecode.swift; path = ExpenseViewModel.swift; sourceTree = "<group>"; };
		1234567890ABCDEFE /* AddExpenseView.swift */ = {isa = PBXFileReference; lastKnownFileType = sourcecode.swift; path = AddExpenseView.swift; sourceTree = "<group>"; };
		1234567890ABCDEF0 /* AnalyticsView.swift */ = {isa = PBXFileReference; lastKnownFileType = sourcecode.swift; path = AnalyticsView.swift; sourceTree = "<group>"; };
		1234567890ABCDE02 /* BankAPIService.swift */ = {isa = PBXFileReference; lastKnownFileType = sourcecode.swift; path = BankAPIService.swift; sourceTree = "<group>"; };
		1234567890ABCDE04 /* VoiceInputService.swift */ = {isa = PBXFileReference; lastKnownFileType = sourcecode.swift; path = VoiceInputService.swift; sourceTree = "<group>"; };
		1234567890ABCDE06 /* RecurringExpenseDetector.swift */ = {isa = PBXFileReference; lastKnownFileType = sourcecode.swift; path = RecurringExpenseDetector.swift; sourceTree = "<group>"; };
		1234567890ABCDE07 /* Info.plist */ = {isa = PBXFileReference; lastKnownFileType = text.plist.xml; path = Info.plist; sourceTree = "<group>"; };
/* End PBXFileReference section */

/* Begin PBXFrameworksBuildPhase section */
		1234567890ABCDE08 /* Frameworks */ = {
			isa = PBXFrameworksBuildPhase;
			buildActionMask = 2147483647;
			files = (
			);
			runOnlyForDeploymentPostprocessing = 0;
		};
/* End PBXFrameworksBuildPhase section */

/* Begin PBXGroup section */
		1234567890ABCDE09 = {
			isa = PBXGroup;
			children = (
				1234567890ABCDE0A /* SpendingTracker */,
				1234567890ABCDE0B /* Products */,
			);
			sourceTree = "<group>";
		};
		1234567890ABCDE0B /* Products */ = {
			isa = PBXGroup;
			children = (
				1234567890ABCDEF1 /* SpendingTracker.app */,
			);
			name = Products;
			sourceTree = "<group>";
		};
		1234567890ABCDE0A /* SpendingTracker */ = {
			isa = PBXGroup;
			children = (
				1234567890ABCDE07 /* Info.plist */,
				1234567890ABCDEF2 /* SpendingTrackerApp.swift */,
				1234567890ABCDE0C /* Views */,
				1234567890ABCDE0D /* ViewModels */,
				1234567890ABCDE0E /* Services */,
				1234567890ABCDE0F /* Models */,
				1234567890ABCDEF6 /* Assets.xcassets */,
				1234567890ABCDE10 /* Preview Content */,
			);
			path = SpendingTracker;
			sourceTree = "<group>";
		};
		1234567890ABCDE0C /* Views */ = {
			isa = PBXGroup;
			children = (
				1234567890ABCDEF4 /* ContentView.swift */,
				1234567890ABCDEFE /* AddExpenseView.swift */,
				1234567890ABCDEF0 /* AnalyticsView.swift */,
			);
			path = Views;
			sourceTree = "<group>";
		};
		1234567890ABCDE0D /* ViewModels */ = {
			isa = PBXGroup;
			children = (
				1234567890ABCDEFC /* ExpenseViewModel.swift */,
			);
			path = ViewModels;
			sourceTree = "<group>";
		};
		1234567890ABCDE0E /* Services */ = {
			isa = PBXGroup;
			children = (
				1234567890ABCDE02 /* BankAPIService.swift */,
				1234567890ABCDE04 /* VoiceInputService.swift */,
				1234567890ABCDE06 /* RecurringExpenseDetector.swift */,
			);
			path = Services;
			sourceTree = "<group>";
		};
		1234567890ABCDE0F /* Models */ = {
			isa = PBXGroup;
			children = (
				1234567890ABCDEFA /* DataModel.xcdatamodeld */,
			);
			path = Models;
			sourceTree = "<group>";
		};
		1234567890ABCDE10 /* Preview Content */ = {
			isa = PBXGroup;
			children = (
				1234567890ABCDEF8 /* Preview Assets.xcassets */,
			);
			path = "Preview Content";
			sourceTree = "<group>";
		};
/* End PBXGroup section */

/* Begin PBXNativeTarget section */
		1234567890ABCDE11 /* SpendingTracker */ = {
			isa = PBXNativeTarget;
			buildConfigurationList = 1234567890ABCDE12 /* Build configuration list for PBXNativeTarget "SpendingTracker" */;
			buildPhases = (
				1234567890ABCDE13 /* Sources */,
				1234567890ABCDE08 /* Frameworks */,
				1234567890ABCDE14 /* Resources */,
			);
			buildRules = (
			);
			dependencies = (
			);
			name = SpendingTracker;
			productName = SpendingTracker;
			productReference = 1234567890ABCDEF1 /* SpendingTracker.app */;
			productType = "com.apple.product-type.application";
		};
/* End PBXNativeTarget section */

/* Begin PBXProject section */
		1234567890ABCDE15 /* Project object */ = {
			isa = PBXProject;
			attributes = {
				BuildIndependentTargetsInParallel = 1;
				LastSwiftUpdateCheck = 1500;
				LastUpgradeCheck = 1500;
				TargetAttributes = {
					1234567890ABCDE11 = {
						CreatedOnToolsVersion = 15.0;
					};
				};
			};
			buildConfigurationList = 1234567890ABCDE16 /* Build configuration list for PBXProject "SpendingTracker" */;
			compatibilityVersion = "Xcode 14.0";
			developmentRegion = en;
			hasScannedForEncodings = 0;
			knownRegions = (
				en,
				Base,
			);
			mainGroup = 1234567890ABCDE09;
			productRefGroup = 1234567890ABCDE0B /* Products */;
			projectDirPath = "";
			projectRoot = "";
			targets = (
				1234567890ABCDE11 /* SpendingTracker */,
			);
		};
/* End PBXProject section */

/* Begin PBXResourcesBuildPhase section */
		1234567890ABCDE14 /* Resources */ = {
			isa = PBXResourcesBuildPhase;
			buildActionMask = 2147483647;
			files = (
				1234567890ABCDEF7 /* Preview Assets.xcassets in Resources */,
				1234567890ABCDEF5 /* Assets.xcassets in Resources */,
			);
			runOnlyForDeploymentPostprocessing = 0;
		};
/* End PBXResourcesBuildPhase section */

/* Begin PBXSourcesBuildPhase section */
		1234567890ABCDE13 /* Sources */ = {
			isa = PBXSourcesBuildPhase;
			buildActionMask = 2147483647;
			files = (
				1234567890ABCDEF3 /* ContentView.swift in Sources */,
				1234567890ABCDEFB /* ExpenseViewModel.swift in Sources */,
				1234567890ABCDEFD /* AddExpenseView.swift in Sources */,
				1234567890ABCDEFF /* AnalyticsView.swift in Sources */,
				1234567890ABCDE01 /* BankAPIService.swift in Sources */,
				1234567890ABCDE03 /* VoiceInputService.swift in Sources */,
				1234567890ABCDE05 /* RecurringExpenseDetector.swift in Sources */,
				1234567890ABCDEF9 /* DataModel.xcdatamodeld in Sources */,
				1234567890ABCDEF1 /* SpendingTrackerApp.swift in Sources */,
			);
			runOnlyForDeploymentPostprocessing = 0;
		};
/* End PBXSourcesBuildPhase section */

/* Begin XCBuildConfiguration section */
		1234567890ABCDE17 /* Debug */ = {
			isa = XCBuildConfiguration;
			buildSettings = {
				ALWAYS_SEARCH_USER_PATHS = NO;
				ASSETCATALOG_COMPILER_GENERATE_SWIFT_ASSET_SYMBOL_EXTENSIONS = YES;
				CLANG_ANALYZER_NONNULL = YES;
				CLANG_ANALYZER_NUMBER_OBJECT_CONVERSION = YES_AGGRESSIVE;
				CLANG_CXX_LANGUAGE_STANDARD = "gnu++20";
				CLANG_ENABLE_MODULES = YES;
				CLANG_ENABLE_OBJC_ARC = YES;
				CLANG_ENABLE_OBJC_WEAK = YES;
				CLANG_WARN_BLOCK_CAPTURE_AUTORELEASING = YES;
				CLANG_WARN_BOOL_CONVERSION = YES;
				CLANG_WARN_COMMA = YES;
				CLANG_WARN_CONSTANT_CONVERSION = YES;
				CLANG_WARN_DEPRECATED_OBJC_IMPLEMENTATIONS = YES;
				CLANG_WARN_DIRECT_OBJC_ISA_USAGE = YES_ERROR;
				CLANG_WARN_DOCUMENTATION_COMMENTS = YES;
				CLANG_WARN_EMPTY_BODY = YES;
				CLANG_WARN_ENUM_CONVERSION = YES;
				CLANG_WARN_INFINITE_RECURSION = YES;
				CLANG_WARN_INT_CONVERSION = YES;
				CLANG_WARN_NON_LITERAL_NULL_CONVERSION = YES;
				CLANG_WARN_OBJC_IMPLICIT_RETAIN_SELF = YES;
				CLANG_WARN_OBJC_LITERAL_CONVERSION = YES;
				CLANG_WARN_OBJC_ROOT_CLASS = YES_ERROR;
				CLANG_WARN_QUOTED_INCLUDE_IN_FRAMEWORK_HEADER = YES;
				CLANG_WARN_RANGE_LOOP_ANALYSIS = YES;
				CLANG_WARN_STRICT_PROTOTYPES = YES;
				CLANG_WARN_SUSPICIOUS_MOVE = YES;
				CLANG_WARN_UNGUARDED_AVAILABILITY = YES_AGGRESSIVE;
				CLANG_WARN_UNREACHABLE_CODE = YES;
				CLANG_WARN__DUPLICATE_METHOD_MATCH = YES;
				COPY_PHASE_STRIP = NO;
				DEBUG_INFORMATION_FORMAT = dwarf;
				ENABLE_STRICT_OBJC_MSGSEND = YES;
				ENABLE_TESTABILITY = YES;
				ENABLE_USER_SCRIPT_SANDBOXING = YES;
				GCC_C_LANGUAGE_STANDARD = gnu11;
				GCC_DYNAMIC_NO_PIC = NO;
				GCC_NO_COMMON_BLOCKS = YES;
				GCC_OPTIMIZATION_LEVEL = 0;
				GCC_PREPROCESSOR_DEFINITIONS = (
					"DEBUG=1",
					"$(inherited)",
				);
				GCC_WARN_64_TO_32_BIT_CONVERSION = YES;
				GCC_WARN_ABOUT_RETURN_TYPE = YES_ERROR;
				GCC_WARN_UNDECLARED_SELECTOR = YES;
				GCC_WARN_UNINITIALIZED_AUTOS = YES_AGGRESSIVE;
				GCC_WARN_UNUSED_FUNCTION = YES;
				GCC_WARN_UNUSED_VARIABLE = YES;
				IPHONEOS_DEPLOYMENT_TARGET = 16.0;
				MTL_ENABLE_DEBUG_INFO = INCLUDE_SOURCE;
				MTL_FAST_MATH = YES;
				ONLY_ACTIVE_ARCH = YES;
				SDKROOT = iphoneos;
				SWIFT_ACTIVE_COMPILATION_CONDITIONS = DEBUG;
				SWIFT_OPTIMIZATION_LEVEL = "-Onone";
			};
			name = Debug;
		};
		1234567890ABCDE18 /* Release */ = {
			isa = XCBuildConfiguration;
			buildSettings = {
				ALWAYS_SEARCH_USER_PATHS = NO;
				ASSETCATALOG_COMPILER_GENERATE_SWIFT_ASSET_SYMBOL_EXTENSIONS = YES;
				CLANG_ANALYZER_NONNULL = YES;
				CLANG_ANALYZER_NUMBER_OBJECT_CONVERSION = YES_AGGRESSIVE;
				CLANG_CXX_LANGUAGE_STANDARD = "gnu++20";
				CLANG_ENABLE_MODULES = YES;
				CLANG_ENABLE_OBJC_ARC = YES;
				CLANG_ENABLE_OBJC_WEAK = YES;
				CLANG_WARN_BLOCK_CAPTURE_AUTORELEASING = YES;
				CLANG_WARN_BOOL_CONVERSION = YES;
				CLANG_WARN_COMMA = YES;
				CLANG_WARN_CONSTANT_CONVERSION = YES;
				CLANG_WARN_DEPRECATED_OBJC_IMPLEMENTATIONS = YES;
				CLANG_WARN_DIRECT_OBJC_ISA_USAGE = YES_ERROR;
				CLANG_WARN_DOCUMENTATION_COMMENTS = YES;
				CLANG_WARN_EMPTY_BODY = YES;
				CLANG_WARN_ENUM_CONVERSION = YES;
				CLANG_WARN_INFINITE_RECURSION = YES;
				CLANG_WARN_INT_CONVERSION = YES;
				CLANG_WARN_NON_LITERAL_NULL_CONVERSION = YES;
				CLANG_WARN_OBJC_IMPLICIT_RETAIN_SELF = YES;
				CLANG_WARN_OBJC_LITERAL_CONVERSION = YES;
				CLANG_WARN_OBJC_ROOT_CLASS = YES_ERROR;
				CLANG_WARN_QUOTED_INCLUDE_IN_FRAMEWORK_HEADER = YES;
				CLANG_WARN_RANGE_LOOP_ANALYSIS = YES;
				CLANG_WARN_STRICT_PROTOTYPES = YES;
				CLANG_WARN_SUSPICIOUS_MOVE = YES;
				CLANG_WARN_UNGUARDED_AVAILABILITY = YES_AGGRESSIVE;
				CLANG_WARN_UNREACHABLE_CODE = YES;
				CLANG_WARN__DUPLICATE_METHOD_MATCH = YES;
				COPY_PHASE_STRIP = NO;
				DEBUG_INFORMATION_FORMAT = "dwarf-with-dsym";
				ENABLE_NS_ASSERTIONS = NO;
				ENABLE_STRICT_OBJC_MSGSEND = YES;
				ENABLE_USER_SCRIPT_SANDBOXING = YES;
				GCC_C_LANGUAGE_STANDARD = gnu11;
				GCC_NO_COMMON_BLOCKS = YES;
				GCC_WARN_64_TO_32_BIT_CONVERSION = YES;
				GCC_WARN_ABOUT_RETURN_TYPE = YES_ERROR;
				GCC_WARN_UNDECLARED_SELECTOR = YES;
				GCC_WARN_UNINITIALIZED_AUTOS = YES_AGGRESSIVE;
				GCC_WARN_UNUSED_FUNCTION = YES;
				GCC_WARN_UNUSED_VARIABLE = YES;
				IPHONEOS_DEPLOYMENT_TARGET = 16.0;
				MTL_ENABLE_DEBUG_INFO = NO;
				MTL_FAST_MATH = YES;
				SDKROOT = iphoneos;
				SWIFT_COMPILATION_MODE = wholemodule;
				VALIDATE_PRODUCT = YES;
			};
			name = Release;
		};
		1234567890ABCDE19 /* Debug */ = {
			isa = XCBuildConfiguration;
			buildSettings = {
				ASSETCATALOG_COMPILER_APPICON_NAME = AppIcon;
				ASSETCATALOG_COMPILER_GLOBAL_ACCENT_COLOR_NAME = AccentColor;
				CODE_SIGN_STYLE = Automatic;
				CURRENT_PROJECT_VERSION = 1;
				DEVELOPMENT_ASSET_PATHS = "\"SpendingTracker/Preview Content\"";
				ENABLE_PREVIEWS = YES;
				GENERATE_INFOPLIST_FILE = YES;
				INFOPLIST_FILE = SpendingTracker/Info.plist;
				INFOPLIST_KEY_NSMicrophoneUsageDescription = "This app uses microphone for voice input of expenses";
				INFOPLIST_KEY_NSSpeechRecognitionUsageDescription = "This app uses speech recognition for voice input of expenses";
				INFOPLIST_KEY_UIApplicationSceneManifest_Generation = YES;
				INFOPLIST_KEY_UIApplicationSupportsIndirectInputEvents = YES;
				INFOPLIST_KEY_UILaunchScreen_Generation = YES;
				INFOPLIST_KEY_UISupportedInterfaceOrientations_iPad = "UIInterfaceOrientationPortrait UIInterfaceOrientationPortraitUpsideDown UIInterfaceOrientationLandscapeLeft UIInterfaceOrientationLandscapeRight";
				INFOPLIST_KEY_UISupportedInterfaceOrientations_iPhone = "UIInterfaceOrientationPortrait UIInterfaceOrientationLandscapeLeft UIInterfaceOrientationLandscapeRight";
				LD_RUNPATH_SEARCH_PATHS = (
					"$(inherited)",
					"@executable_path/Frameworks",
				);
				MARKETING_VERSION = 1.0;
				PRODUCT_BUNDLE_IDENTIFIER = com.yourcompany.SpendingTracker;
				PRODUCT_NAME = "$(TARGET_NAME)";
				SWIFT_EMIT_LOC_STRINGS = YES;
				SWIFT_VERSION = 5.0;
				TARGETED_DEVICE_FAMILY = "1,2";
			};
			name = Debug;
		};
		1234567890ABCDE1A /* Release */ = {
			isa = XCBuildConfiguration;
			buildSettings = {
				ASSETCATALOG_COMPILER_APPICON_NAME = AppIcon;
				ASSETCATALOG_COMPILER_GLOBAL_ACCENT_COLOR_NAME = AccentColor;
				CODE_SIGN_STYLE = Automatic;
				CURRENT_PROJECT_VERSION = 1;
				DEVELOPMENT_ASSET_PATHS = "\"SpendingTracker/Preview Content\"";
				ENABLE_PREVIEWS = YES;
				GENERATE_INFOPLIST_FILE = YES;
				INFOPLIST_FILE = SpendingTracker/Info.plist;
				INFOPLIST_KEY_NSMicrophoneUsageDescription = "This app uses microphone for voice input of expenses";
				INFOPLIST_KEY_NSSpeechRecognitionUsageDescription = "This app uses speech recognition for voice input of expenses";
				INFOPLIST_KEY_UIApplicationSceneManifest_Generation = YES;
				INFOPLIST_KEY_UIApplicationSupportsIndirectInputEvents = YES;
				INFOPLIST_KEY_UILaunchScreen_Generation = YES;
				INFOPLIST_KEY_UISupportedInterfaceOrientations_iPad = "UIInterfaceOrientationPortrait UIInterfaceOrientationPortraitUpsideDown UIInterfaceOrientationLandscapeLeft UIInterfaceOrientationLandscapeRight";
				INFOPLIST_KEY_UISupportedInterfaceOrientations_iPhone = "UIInterfaceOrientationPortrait UIInterfaceOrientationLandscapeLeft UIInterfaceOrientationLandscapeRight";
				LD_RUNPATH_SEARCH_PATHS = (
					"$(inherited)",
					"@executable_path/Frameworks",
				);
				MARKETING_VERSION = 1.0;
				PRODUCT_BUNDLE_IDENTIFIER = com.yourcompany.SpendingTracker;
				PRODUCT_NAME = "$(TARGET_NAME)";
				SWIFT_EMIT_LOC_STRINGS = YES;
				SWIFT_VERSION = 5.0;
				TARGETED_DEVICE_FAMILY = "1,2";
			};
			name = Release;
		};
/* End XCBuildConfiguration section */

/* Begin XCConfigurationList section */
		1234567890ABCDE16 /* Build configuration list for PBXProject "SpendingTracker" */ = {
			isa = XCConfigurationList;
			buildConfigurations = (
				1234567890ABCDE17 /* Debug */,
				1234567890ABCDE18 /* Release */,
			);
			defaultConfigurationIsVisible = 0;
			defaultConfigurationName = Release;
		};
		1234567890ABCDE12 /* Build configuration list for PBXNativeTarget "SpendingTracker" */ = {
			isa = XCConfigurationList;
			buildConfigurations = (
				1234567890ABCDE19 /* Debug */,
				1234567890ABCDE1A /* Release */,
			);
			defaultConfigurationIsVisible = 0;
			defaultConfigurationName = Release;
		};
/* End XCConfigurationList section */

/* Begin XCVersionGroup section */
		1234567890ABCDEFA /* DataModel.xcdatamodeld */ = {
			isa = XCVersionGroup;
			children = (
				1234567890ABCDEFA /* DataModel.xcdatamodel */,
			);
			currentVersion = 1234567890ABCDEFA /* DataModel.xcdatamodel */;
			path = DataModel.xcdatamodeld;
			sourceTree = "<group>";
			versionGroupType = wrapper.xcdatamodel;
		};
/* End XCVersionGroup section */
	};
	rootObject = 1234567890ABCDE15 /* Project object */;
}